
Microsoft Visual Studio Solution File, Format Version 12.00
# Visual Studio Version 17
VisualStudioVersion = 17.0.32112.339
MinimumVisualStudioVersion = 10.0.40219.1
Project("{FAE04EC0-301F-11D3-BF4B-00C04F79EFBC}") = "CW2VotingSystem", "CW2VotingSystem\CW2VotingSystem.csproj", "{2C3CAD53-36D5-4F72-ADC0-55CC82E44B2A}"
EndProject
Project("{FAE04EC0-301F-11D3-BF4B-00C04F79EFBC}") = "VotingSystemTests", "VotingSystemTests\VotingSystemTests.csproj", "{64A9C787-D540-4A2A-B6C9-DD4783B45E51}"
EndProject
Global
	GlobalSection(SolutionConfigurationPlatforms) = preSolution
		Debug|Any CPU = Debug|Any CPU
		Release|Any CPU = Release|Any CPU
	EndGlobalSection
	GlobalSection(ProjectConfigurationPlatforms) = postSolution
		{2C3CAD53-36D5-4F72-ADC0-55CC82E44B2A}.Debug|Any CPU.ActiveCfg = Debug|Any CPU
		{2C3CAD53-36D5-4F72-ADC0-55CC82E44B2A}.Debug|Any CPU.Build.0 = Debug|Any CPU
		{2C3CAD53-36D5-4F72-ADC0-55CC82E44B2A}.Release|Any CPU.ActiveCfg = Release|Any CPU
		{2C3CAD53-36D5-4F72-ADC0-55CC82E44B2A}.Release|Any CPU.Build.0 = Release|Any CPU
		{64A9C787-D540-4A2A-B6C9-DD4783B45E51}.Debug|Any CPU.ActiveCfg = Debug|Any CPU
		{64A9C787-D540-4A2A-B6C9-DD4783B45E51}.Debug|Any CPU.Build.0 = Debug|Any CPU
		{64A9C787-D540-4A2A-B6C9-DD4783B45E51}.Release|Any CPU.ActiveCfg = Release|Any CPU
		{64A9C787-D540-4A2A-B6C9-DD4783B45E51}.Release|Any CPU.Build.0 = Release|Any CPU
	EndGlobalSection
	GlobalSection(SolutionProperties) = preSolution
		HideSolutionNode = FALSE
	EndGlobalSection
	GlobalSection(ExtensibilityGlobals) = postSolution
		SolutionGuid = {39A80550-0674-4A93-90E7-A3975BE993B0}
	EndGlobalSection
EndGlobal
